// !$*UTF8*$!
{
	archiveVersion = 1;
	classes = {
	};
	objectVersion = 55;
	objects = {

/* Begin PBXBuildFile section */
		E32EC2A227FC15D1007B815F /* AppDelegate.swift in Sources */ = {isa = PBXBuildFile; fileRef = E32EC2A127FC15D1007B815F /* AppDelegate.swift */; };
		E32EC2A427FC15D1007B815F /* SceneDelegate.swift in Sources */ = {isa = PBXBuildFile; fileRef = E32EC2A327FC15D1007B815F /* SceneDelegate.swift */; };
		E32EC2AB27FC15D8007B815F /* Assets.xcassets in Resources */ = {isa = PBXBuildFile; fileRef = E32EC2AA27FC15D8007B815F /* Assets.xcassets */; };
		E32EC2AE27FC15D8007B815F /* LaunchScreen.storyboard in Resources */ = {isa = PBXBuildFile; fileRef = E32EC2AC27FC15D8007B815F /* LaunchScreen.storyboard */; };
		E32EC2BD27FC16F6007B815F /* MainPresenter.swift in Sources */ = {isa = PBXBuildFile; fileRef = E32EC2B727FC16F6007B815F /* MainPresenter.swift */; };
		E32EC2BE27FC16F6007B815F /* MainWorker.swift in Sources */ = {isa = PBXBuildFile; fileRef = E32EC2B827FC16F6007B815F /* MainWorker.swift */; };
		E32EC2BF27FC16F6007B815F /* MainRouter.swift in Sources */ = {isa = PBXBuildFile; fileRef = E32EC2B927FC16F6007B815F /* MainRouter.swift */; };
		E32EC2C027FC16F6007B815F /* MainModels.swift in Sources */ = {isa = PBXBuildFile; fileRef = E32EC2BA27FC16F6007B815F /* MainModels.swift */; };
		E32EC2C127FC16F6007B815F /* MainViewController.swift in Sources */ = {isa = PBXBuildFile; fileRef = E32EC2BB27FC16F6007B815F /* MainViewController.swift */; };
		E32EC2C227FC16F6007B815F /* MainInteractor.swift in Sources */ = {isa = PBXBuildFile; fileRef = E32EC2BC27FC16F6007B815F /* MainInteractor.swift */; };
/* End PBXBuildFile section */

/* Begin PBXFileReference section */
		E32EC29E27FC15D1007B815F /* SpaceX Launches.app */ = {isa = PBXFileReference; explicitFileType = wrapper.application; includeInIndex = 0; path = "SpaceX Launches.app"; sourceTree = BUILT_PRODUCTS_DIR; };
		E32EC2A127FC15D1007B815F /* AppDelegate.swift */ = {isa = PBXFileReference; lastKnownFileType = sourcecode.swift; path = AppDelegate.swift; sourceTree = "<group>"; };
		E32EC2A327FC15D1007B815F /* SceneDelegate.swift */ = {isa = PBXFileReference; lastKnownFileType = sourcecode.swift; path = SceneDelegate.swift; sourceTree = "<group>"; };
		E32EC2AA27FC15D8007B815F /* Assets.xcassets */ = {isa = PBXFileReference; lastKnownFileType = folder.assetcatalog; path = Assets.xcassets; sourceTree = "<group>"; };
		E32EC2AD27FC15D8007B815F /* Base */ = {isa = PBXFileReference; lastKnownFileType = file.storyboard; name = Base; path = Base.lproj/LaunchScreen.storyboard; sourceTree = "<group>"; };
		E32EC2AF27FC15D8007B815F /* Info.plist */ = {isa = PBXFileReference; lastKnownFileType = text.plist.xml; path = Info.plist; sourceTree = "<group>"; };
		E32EC2B727FC16F6007B815F /* MainPresenter.swift */ = {isa = PBXFileReference; lastKnownFileType = sourcecode.swift; path = MainPresenter.swift; sourceTree = "<group>"; };
		E32EC2B827FC16F6007B815F /* MainWorker.swift */ = {isa = PBXFileReference; lastKnownFileType = sourcecode.swift; path = MainWorker.swift; sourceTree = "<group>"; };
		E32EC2B927FC16F6007B815F /* MainRouter.swift */ = {isa = PBXFileReference; lastKnownFileType = sourcecode.swift; path = MainRouter.swift; sourceTree = "<group>"; };
		E32EC2BA27FC16F6007B815F /* MainModels.swift */ = {isa = PBXFileReference; lastKnownFileType = sourcecode.swift; path = MainModels.swift; sourceTree = "<group>"; };
		E32EC2BB27FC16F6007B815F /* MainViewController.swift */ = {isa = PBXFileReference; lastKnownFileType = sourcecode.swift; path = MainViewController.swift; sourceTree = "<group>"; };
		E32EC2BC27FC16F6007B815F /* MainInteractor.swift */ = {isa = PBXFileReference; lastKnownFileType = sourcecode.swift; path = MainInteractor.swift; sourceTree = "<group>"; };
/* End PBXFileReference section */

/* Begin PBXFrameworksBuildPhase section */
		E32EC29B27FC15D1007B815F /* Frameworks */ = {
			isa = PBXFrameworksBuildPhase;
			buildActionMask = 2147483647;
			files = (
			);
			runOnlyForDeploymentPostprocessing = 0;
		};
/* End PBXFrameworksBuildPhase section */

/* Begin PBXGroup section */
		E32EC29527FC15D1007B815F = {
			isa = PBXGroup;
			children = (
				E32EC2A027FC15D1007B815F /* SpaceX Launches */,
				E32EC29F27FC15D1007B815F /* Products */,
			);
			sourceTree = "<group>";
		};
		E32EC29F27FC15D1007B815F /* Products */ = {
			isa = PBXGroup;
			children = (
				E32EC29E27FC15D1007B815F /* SpaceX Launches.app */,
			);
			name = Products;
			sourceTree = "<group>";
		};
		E32EC2A027FC15D1007B815F /* SpaceX Launches */ = {
			isa = PBXGroup;
			children = (
				E32EC2B627FC169A007B815F /* Modules */,
				E32EC2B527FC1686007B815F /* SystemDelegate */,
				E32EC2AA27FC15D8007B815F /* Assets.xcassets */,
				E32EC2AC27FC15D8007B815F /* LaunchScreen.storyboard */,
				E32EC2AF27FC15D8007B815F /* Info.plist */,
			);
			path = "SpaceX Launches";
			sourceTree = "<group>";
		};
		E32EC2B527FC1686007B815F /* SystemDelegate */ = {
			isa = PBXGroup;
			children = (
				E32EC2A127FC15D1007B815F /* AppDelegate.swift */,
				E32EC2A327FC15D1007B815F /* SceneDelegate.swift */,
			);
			path = SystemDelegate;
			sourceTree = "<group>";
		};
		E32EC2B627FC169A007B815F /* Modules */ = {
			isa = PBXGroup;
			children = (
				E32EC2B727FC16F6007B815F /* MainPresenter.swift */,
				E32EC2B827FC16F6007B815F /* MainWorker.swift */,
				E32EC2B927FC16F6007B815F /* MainRouter.swift */,
				E32EC2BA27FC16F6007B815F /* MainModels.swift */,
				E32EC2BB27FC16F6007B815F /* MainViewController.swift */,
				E32EC2BC27FC16F6007B815F /* MainInteractor.swift */,
			);
			path = Modules;
			sourceTree = "<group>";
		};
/* End PBXGroup section */

/* Begin PBXNativeTarget section */
		E32EC29D27FC15D1007B815F /* SpaceX Launches */ = {
			isa = PBXNativeTarget;
			buildConfigurationList = E32EC2B227FC15D8007B815F /* Build configuration list for PBXNativeTarget "SpaceX Launches" */;
			buildPhases = (
				E32EC29A27FC15D1007B815F /* Sources */,
				E32EC29B27FC15D1007B815F /* Frameworks */,
				E32EC29C27FC15D1007B815F /* Resources */,
			);
			buildRules = (
			);
			dependencies = (
			);
			name = "SpaceX Launches";
			productName = "SpaceX Launches";
			productReference = E32EC29E27FC15D1007B815F /* SpaceX Launches.app */;
			productType = "com.apple.product-type.application";
		};
/* End PBXNativeTarget section */

/* Begin PBXProject section */
		E32EC29627FC15D1007B815F /* Project object */ = {
			isa = PBXProject;
			attributes = {
				BuildIndependentTargetsInParallel = 1;
				LastSwiftUpdateCheck = 1320;
				LastUpgradeCheck = 1320;
				TargetAttributes = {
					E32EC29D27FC15D1007B815F = {
						CreatedOnToolsVersion = 13.2.1;
					};
				};
			};
			buildConfigurationList = E32EC29927FC15D1007B815F /* Build configuration list for PBXProject "SpaceX Launches" */;
			compatibilityVersion = "Xcode 13.0";
			developmentRegion = en;
			hasScannedForEncodings = 0;
			knownRegions = (
				en,
				Base,
			);
			mainGroup = E32EC29527FC15D1007B815F;
			productRefGroup = E32EC29F27FC15D1007B815F /* Products */;
			projectDirPath = "";
			projectRoot = "";
			targets = (
				E32EC29D27FC15D1007B815F /* SpaceX Launches */,
			);
		};
/* End PBXProject section */

/* Begin PBXResourcesBuildPhase section */
		E32EC29C27FC15D1007B815F /* Resources */ = {
			isa = PBXResourcesBuildPhase;
			buildActionMask = 2147483647;
			files = (
				E32EC2AE27FC15D8007B815F /* LaunchScreen.storyboard in Resources */,
				E32EC2AB27FC15D8007B815F /* Assets.xcassets in Resources */,
			);
			runOnlyForDeploymentPostprocessing = 0;
		};
/* End PBXResourcesBuildPhase section */

/* Begin PBXSourcesBuildPhase section */
		E32EC29A27FC15D1007B815F /* Sources */ = {
			isa = PBXSourcesBuildPhase;
			buildActionMask = 2147483647;
			files = (
				E32EC2A227FC15D1007B815F /* AppDelegate.swift in Sources */,
				E32EC2A427FC15D1007B815F /* SceneDelegate.swift in Sources */,
				E32EC2BE27FC16F6007B815F /* MainWorker.swift in Sources */,
				E32EC2BD27FC16F6007B815F /* MainPresenter.swift in Sources */,
				E32EC2C227FC16F6007B815F /* MainInteractor.swift in Sources */,
				E32EC2C027FC16F6007B815F /* MainModels.swift in Sources */,
				E32EC2BF27FC16F6007B815F /* MainRouter.swift in Sources */,
				E32EC2C127FC16F6007B815F /* MainViewController.swift in Sources */,
			);
			runOnlyForDeploymentPostprocessing = 0;
		};
/* End PBXSourcesBuildPhase section */

/* Begin PBXVariantGroup section */
		E32EC2AC27FC15D8007B815F /* LaunchScreen.storyboard */ = {
			isa = PBXVariantGroup;
			children = (
				E32EC2AD27FC15D8007B815F /* Base */,
			);
			name = LaunchScreen.storyboard;
			sourceTree = "<group>";
		};
/* End PBXVariantGroup section */

/* Begin XCBuildConfiguration section */
		E32EC2B027FC15D8007B815F /* Debug */ = {
			isa = XCBuildConfiguration;
			buildSettings = {
				ALWAYS_SEARCH_USER_PATHS = NO;
				CLANG_ANALYZER_NONNULL = YES;
				CLANG_ANALYZER_NUMBER_OBJECT_CONVERSION = YES_AGGRESSIVE;
				CLANG_CXX_LANGUAGE_STANDARD = "gnu++17";
				CLANG_CXX_LIBRARY = "libc++";
				CLANG_ENABLE_MODULES = YES;
				CLANG_ENABLE_OBJC_ARC = YES;
				CLANG_ENABLE_OBJC_WEAK = YES;
				CLANG_WARN_BLOCK_CAPTURE_AUTORELEASING = YES;
				CLANG_WARN_BOOL_CONVERSION = YES;
				CLANG_WARN_COMMA = YES;
				CLANG_WARN_CONSTANT_CONVERSION = YES;
				CLANG_WARN_DEPRECATED_OBJC_IMPLEMENTATIONS = YES;
				CLANG_WARN_DIRECT_OBJC_ISA_USAGE = YES_ERROR;
				CLANG_WARN_DOCUMENTATION_COMMENTS = YES;
				CLANG_WARN_EMPTY_BODY = YES;
				CLANG_WARN_ENUM_CONVERSION = YES;
				CLANG_WARN_INFINITE_RECURSION = YES;
				CLANG_WARN_INT_CONVERSION = YES;
				CLANG_WARN_NON_LITERAL_NULL_CONVERSION = YES;
				CLANG_WARN_OBJC_IMPLICIT_RETAIN_SELF = YES;
				CLANG_WARN_OBJC_LITERAL_CONVERSION = YES;
				CLANG_WARN_OBJC_ROOT_CLASS = YES_ERROR;
				CLANG_WARN_QUOTED_INCLUDE_IN_FRAMEWORK_HEADER = YES;
				CLANG_WARN_RANGE_LOOP_ANALYSIS = YES;
				CLANG_WARN_STRICT_PROTOTYPES = YES;
				CLANG_WARN_SUSPICIOUS_MOVE = YES;
				CLANG_WARN_UNGUARDED_AVAILABILITY = YES_AGGRESSIVE;
				CLANG_WARN_UNREACHABLE_CODE = YES;
				CLANG_WARN__DUPLICATE_METHOD_MATCH = YES;
				COPY_PHASE_STRIP = NO;
				DEBUG_INFORMATION_FORMAT = dwarf;
				ENABLE_STRICT_OBJC_MSGSEND = YES;
				ENABLE_TESTABILITY = YES;
				GCC_C_LANGUAGE_STANDARD = gnu11;
				GCC_DYNAMIC_NO_PIC = NO;
				GCC_NO_COMMON_BLOCKS = YES;
				GCC_OPTIMIZATION_LEVEL = 0;
				GCC_PREPROCESSOR_DEFINITIONS = (
					"DEBUG=1",
					"$(inherited)",
				);
				GCC_WARN_64_TO_32_BIT_CONVERSION = YES;
				GCC_WARN_ABOUT_RETURN_TYPE = YES_ERROR;
				GCC_WARN_UNDECLARED_SELECTOR = YES;
				GCC_WARN_UNINITIALIZED_AUTOS = YES_AGGRESSIVE;
				GCC_WARN_UNUSED_FUNCTION = YES;
				GCC_WARN_UNUSED_VARIABLE = YES;
				IPHONEOS_DEPLOYMENT_TARGET = 13.0;
				MTL_ENABLE_DEBUG_INFO = INCLUDE_SOURCE;
				MTL_FAST_MATH = YES;
				ONLY_ACTIVE_ARCH = YES;
				SDKROOT = iphoneos;
				SWIFT_ACTIVE_COMPILATION_CONDITIONS = DEBUG;
				SWIFT_OPTIMIZATION_LEVEL = "-Onone";
			};
			name = Debug;
		};
		E32EC2B127FC15D8007B815F /* Release */ = {
			isa = XCBuildConfiguration;
			buildSettings = {
				ALWAYS_SEARCH_USER_PATHS = NO;
				CLANG_ANALYZER_NONNULL = YES;
				CLANG_ANALYZER_NUMBER_OBJECT_CONVERSION = YES_AGGRESSIVE;
				CLANG_CXX_LANGUAGE_STANDARD = "gnu++17";
				CLANG_CXX_LIBRARY = "libc++";
				CLANG_ENABLE_MODULES = YES;
				CLANG_ENABLE_OBJC_ARC = YES;
				CLANG_ENABLE_OBJC_WEAK = YES;
				CLANG_WARN_BLOCK_CAPTURE_AUTORELEASING = YES;
				CLANG_WARN_BOOL_CONVERSION = YES;
				CLANG_WARN_COMMA = YES;
				CLANG_WARN_CONSTANT_CONVERSION = YES;
				CLANG_WARN_DEPRECATED_OBJC_IMPLEMENTATIONS = YES;
				CLANG_WARN_DIRECT_OBJC_ISA_USAGE = YES_ERROR;
				CLANG_WARN_DOCUMENTATION_COMMENTS = YES;
				CLANG_WARN_EMPTY_BODY = YES;
				CLANG_WARN_ENUM_CONVERSION = YES;
				CLANG_WARN_INFINITE_RECURSION = YES;
				CLANG_WARN_INT_CONVERSION = YES;
				CLANG_WARN_NON_LITERAL_NULL_CONVERSION = YES;
				CLANG_WARN_OBJC_IMPLICIT_RETAIN_SELF = YES;
				CLANG_WARN_OBJC_LITERAL_CONVERSION = YES;
				CLANG_WARN_OBJC_ROOT_CLASS = YES_ERROR;
				CLANG_WARN_QUOTED_INCLUDE_IN_FRAMEWORK_HEADER = YES;
				CLANG_WARN_RANGE_LOOP_ANALYSIS = YES;
				CLANG_WARN_STRICT_PROTOTYPES = YES;
				CLANG_WARN_SUSPICIOUS_MOVE = YES;
				CLANG_WARN_UNGUARDED_AVAILABILITY = YES_AGGRESSIVE;
				CLANG_WARN_UNREACHABLE_CODE = YES;
				CLANG_WARN__DUPLICATE_METHOD_MATCH = YES;
				COPY_PHASE_STRIP = NO;
				DEBUG_INFORMATION_FORMAT = "dwarf-with-dsym";
				ENABLE_NS_ASSERTIONS = NO;
				ENABLE_STRICT_OBJC_MSGSEND = YES;
				GCC_C_LANGUAGE_STANDARD = gnu11;
				GCC_NO_COMMON_BLOCKS = YES;
				GCC_WARN_64_TO_32_BIT_CONVERSION = YES;
				GCC_WARN_ABOUT_RETURN_TYPE = YES_ERROR;
				GCC_WARN_UNDECLARED_SELECTOR = YES;
				GCC_WARN_UNINITIALIZED_AUTOS = YES_AGGRESSIVE;
				GCC_WARN_UNUSED_FUNCTION = YES;
				GCC_WARN_UNUSED_VARIABLE = YES;
				IPHONEOS_DEPLOYMENT_TARGET = 13.0;
				MTL_ENABLE_DEBUG_INFO = NO;
				MTL_FAST_MATH = YES;
				SDKROOT = iphoneos;
				SWIFT_COMPILATION_MODE = wholemodule;
				SWIFT_OPTIMIZATION_LEVEL = "-O";
				VALIDATE_PRODUCT = YES;
			};
			name = Release;
		};
		E32EC2B327FC15D8007B815F /* Debug */ = {
			isa = XCBuildConfiguration;
			buildSettings = {
				ASSETCATALOG_COMPILER_APPICON_NAME = AppIcon;
				ASSETCATALOG_COMPILER_GLOBAL_ACCENT_COLOR_NAME = AccentColor;
				CODE_SIGN_STYLE = Automatic;
				CURRENT_PROJECT_VERSION = 1;
				DEVELOPMENT_TEAM = E4F3RD8E26;
				GENERATE_INFOPLIST_FILE = YES;
				INFOPLIST_FILE = "SpaceX Launches/Info.plist";
				INFOPLIST_KEY_UIApplicationSupportsIndirectInputEvents = YES;
				INFOPLIST_KEY_UILaunchStoryboardName = LaunchScreen;
				INFOPLIST_KEY_UISupportedInterfaceOrientations = UIInterfaceOrientationPortrait;
				INFOPLIST_KEY_UISupportedInterfaceOrientations_iPhone = UIInterfaceOrientationPortrait;
				LD_RUNPATH_SEARCH_PATHS = (
					"$(inherited)",
					"@executable_path/Frameworks",
				);
				MARKETING_VERSION = 1.0;
				PRODUCT_BUNDLE_IDENTIFIER = "Vonkad.SpaceX-Launches";
				PRODUCT_NAME = "$(TARGET_NAME)";
				SWIFT_EMIT_LOC_STRINGS = YES;
				SWIFT_VERSION = 5.0;
				TARGETED_DEVICE_FAMILY = 1;
			};
			name = Debug;
		};
		E32EC2B427FC15D8007B815F /* Release */ = {
			isa = XCBuildConfiguration;
			buildSettings = {
				ASSETCATALOG_COMPILER_APPICON_NAME = AppIcon;
				ASSETCATALOG_COMPILER_GLOBAL_ACCENT_COLOR_NAME = AccentColor;
				CODE_SIGN_STYLE = Automatic;
				CURRENT_PROJECT_VERSION = 1;
				DEVELOPMENT_TEAM = E4F3RD8E26;
				GENERATE_INFOPLIST_FILE = YES;
				INFOPLIST_FILE = "SpaceX Launches/Info.plist";
				INFOPLIST_KEY_UIApplicationSupportsIndirectInputEvents = YES;
				INFOPLIST_KEY_UILaunchStoryboardName = LaunchScreen;
				INFOPLIST_KEY_UISupportedInterfaceOrientations = UIInterfaceOrientationPortrait;
				INFOPLIST_KEY_UISupportedInterfaceOrientations_iPhone = UIInterfaceOrientationPortrait;
				LD_RUNPATH_SEARCH_PATHS = (
					"$(inherited)",
					"@executable_path/Frameworks",
				);
				MARKETING_VERSION = 1.0;
				PRODUCT_BUNDLE_IDENTIFIER = "Vonkad.SpaceX-Launches";
				PRODUCT_NAME = "$(TARGET_NAME)";
				SWIFT_EMIT_LOC_STRINGS = YES;
				SWIFT_VERSION = 5.0;
				TARGETED_DEVICE_FAMILY = 1;
			};
			name = Release;
		};
/* End XCBuildConfiguration section */

/* Begin XCConfigurationList section */
		E32EC29927FC15D1007B815F /* Build configuration list for PBXProject "SpaceX Launches" */ = {
			isa = XCConfigurationList;
			buildConfigurations = (
				E32EC2B027FC15D8007B815F /* Debug */,
				E32EC2B127FC15D8007B815F /* Release */,
			);
			defaultConfigurationIsVisible = 0;
			defaultConfigurationName = Release;
		};
		E32EC2B227FC15D8007B815F /* Build configuration list for PBXNativeTarget "SpaceX Launches" */ = {
			isa = XCConfigurationList;
			buildConfigurations = (
				E32EC2B327FC15D8007B815F /* Debug */,
				E32EC2B427FC15D8007B815F /* Release */,
			);
			defaultConfigurationIsVisible = 0;
			defaultConfigurationName = Release;
		};
/* End XCConfigurationList section */
	};
	rootObject = E32EC29627FC15D1007B815F /* Project object */;
}
